
Microsoft Visual Studio Solution File, Format Version 12.00
# Visual Studio Version 17
VisualStudioVersion = 17.3.32825.248
MinimumVisualStudioVersion = 10.0.40219.1
Project("{9A19103F-16F7-4668-BE54-9A1E7A4F7556}") = "ChartExample", "ChartExample\ChartExample.csproj", "{28AF709D-13D8-459B-80C0-ADB6677112F7}"
EndProject
Project("{2150E333-8FDC-42A3-9474-1A3956D46DE8}") = "ソリューション項目", "ソリューション項目", "{4634F600-3803-42FC-81C2-2481B30572A7}"
	ProjectSection(SolutionItems) = preProject
		.editorconfig = .editorconfig
		Analyzers.ruleset = Analyzers.ruleset
		ChartExample.sln.DotSettings = ChartExample.sln.DotSettings
		Directory.Build.props = Directory.Build.props
		Directory.Build.targets = Directory.Build.targets
		README.md = README.md
	EndProjectSection
EndProject
Global
	GlobalSection(SolutionConfigurationPlatforms) = preSolution
		Debug|Any CPU = Debug|Any CPU
		Release|Any CPU = Release|Any CPU
	EndGlobalSection
	GlobalSection(ProjectConfigurationPlatforms) = postSolution
		{28AF709D-13D8-459B-80C0-ADB6677112F7}.Debug|Any CPU.ActiveCfg = Debug|Any CPU
		{28AF709D-13D8-459B-80C0-ADB6677112F7}.Debug|Any CPU.Build.0 = Debug|Any CPU
		{28AF709D-13D8-459B-80C0-ADB6677112F7}.Release|Any CPU.ActiveCfg = Release|Any CPU
		{28AF709D-13D8-459B-80C0-ADB6677112F7}.Release|Any CPU.Build.0 = Release|Any CPU
	EndGlobalSection
	GlobalSection(SolutionProperties) = preSolution
		HideSolutionNode = FALSE
	EndGlobalSection
	GlobalSection(ExtensibilityGlobals) = postSolution
		SolutionGuid = {14F6E330-C4A9-4809-87F3-3F7DF054DD47}
	EndGlobalSection
EndGlobal
